// !$*UTF8*$!
{
	archiveVersion = 1;
	classes = {
	};
	objectVersion = 46;
	objects = {

/* Begin PBXBuildFile section */
		186FB4691CEC724900E047C3 /* scene2ii-01.png in Resources */ = {isa = PBXBuildFile; fileRef = 186FB4681CEC724900E047C3 /* scene2ii-01.png */; };
		186FB46B1CEC72C000E047C3 /* awards-01.png in Resources */ = {isa = PBXBuildFile; fileRef = 186FB46A1CEC72C000E047C3 /* awards-01.png */; };
		186FB46D1CEC77E200E047C3 /* awards.png in Resources */ = {isa = PBXBuildFile; fileRef = 186FB46C1CEC77E200E047C3 /* awards.png */; };
		1A3BEA061CE0CE5400230445 /* AppDelegate.swift in Sources */ = {isa = PBXBuildFile; fileRef = 1A3BEA051CE0CE5400230445 /* AppDelegate.swift */; };
		1A3BEA081CE0CE5400230445 /* FirstViewController.swift in Sources */ = {isa = PBXBuildFile; fileRef = 1A3BEA071CE0CE5400230445 /* FirstViewController.swift */; };
		1A3BEA0A1CE0CE5400230445 /* SecondViewController.swift in Sources */ = {isa = PBXBuildFile; fileRef = 1A3BEA091CE0CE5400230445 /* SecondViewController.swift */; };
		1A3BEA0F1CE0CE5400230445 /* Assets.xcassets in Resources */ = {isa = PBXBuildFile; fileRef = 1A3BEA0E1CE0CE5400230445 /* Assets.xcassets */; };
		1A3BEA121CE0CE5400230445 /* LaunchScreen.storyboard in Resources */ = {isa = PBXBuildFile; fileRef = 1A3BEA101CE0CE5400230445 /* LaunchScreen.storyboard */; };
		1A3BEA1D1CE0CE5400230445 /* LoveLoveFilms1Tests.swift in Sources */ = {isa = PBXBuildFile; fileRef = 1A3BEA1C1CE0CE5400230445 /* LoveLoveFilms1Tests.swift */; };
		1A3BEA281CE0CE5400230445 /* LoveLoveFilms1UITests.swift in Sources */ = {isa = PBXBuildFile; fileRef = 1A3BEA271CE0CE5400230445 /* LoveLoveFilms1UITests.swift */; };
		1A3BEA361CE0D4D000230445 /* Scene3.swift in Sources */ = {isa = PBXBuildFile; fileRef = 1A3BEA351CE0D4D000230445 /* Scene3.swift */; };
		1A3BEA381CE0D4DB00230445 /* Scene4.swift in Sources */ = {isa = PBXBuildFile; fileRef = 1A3BEA371CE0D4DB00230445 /* Scene4.swift */; };
		1A3BEA3A1CE0D4FC00230445 /* Scene5.swift in Sources */ = {isa = PBXBuildFile; fileRef = 1A3BEA391CE0D4FC00230445 /* Scene5.swift */; };
		1A3BEA3C1CE0D50D00230445 /* Scene6.swift in Sources */ = {isa = PBXBuildFile; fileRef = 1A3BEA3B1CE0D50D00230445 /* Scene6.swift */; };
		1A3BEA3E1CE0D51800230445 /* Scene7.swift in Sources */ = {isa = PBXBuildFile; fileRef = 1A3BEA3D1CE0D51800230445 /* Scene7.swift */; };
		1A3E6FAF1CF1E11D00C7E341 /* UIImageView+Extension.swift in Sources */ = {isa = PBXBuildFile; fileRef = 1A3E6FAE1CF1E11D00C7E341 /* UIImageView+Extension.swift */; };
		1A3E6FB11CF4747100C7E341 /* Scene3Popoverfile.swift in Sources */ = {isa = PBXBuildFile; fileRef = 1A3E6FB01CF4747100C7E341 /* Scene3Popoverfile.swift */; };
		1A3E6FB31CF47E6400C7E341 /* fast-snowy.gif in Resources */ = {isa = PBXBuildFile; fileRef = 1A3E6FB21CF47E6400C7E341 /* fast-snowy.gif */; };
		1A3E6FB51CF4856700C7E341 /* chef-dog.gif in Resources */ = {isa = PBXBuildFile; fileRef = 1A3E6FB41CF4856700C7E341 /* chef-dog.gif */; };
		1A3E6FB71CF4859B00C7E341 /* grad-dog.gif in Resources */ = {isa = PBXBuildFile; fileRef = 1A3E6FB61CF4859B00C7E341 /* grad-dog.gif */; };
		1A3E6FB91CF485B100C7E341 /* director-dog.gif in Resources */ = {isa = PBXBuildFile; fileRef = 1A3E6FB81CF485B100C7E341 /* director-dog.gif */; };
		1A3E6FBB1CF485C600C7E341 /* maracas-dog.gif in Resources */ = {isa = PBXBuildFile; fileRef = 1A3E6FBA1CF485C600C7E341 /* maracas-dog.gif */; };
		1A3E6FBD1CF485DD00C7E341 /* party-dog.gif in Resources */ = {isa = PBXBuildFile; fileRef = 1A3E6FBC1CF485DD00C7E341 /* party-dog.gif */; };
		1A46B3A51CEC5BC500FCA33C /* scene-1-snowy--2.gif in Resources */ = {isa = PBXBuildFile; fileRef = 1A46B3A41CEC5BC500FCA33C /* scene-1-snowy--2.gif */; };
		1A46B3A71CEC5BE500FCA33C /* scene-2-snowy.gif in Resources */ = {isa = PBXBuildFile; fileRef = 1A46B3A61CEC5BE500FCA33C /* scene-2-snowy.gif */; };
		1A46B3A91CEC5C0600FCA33C /* scene-3-snowy.gif in Resources */ = {isa = PBXBuildFile; fileRef = 1A46B3A81CEC5C0600FCA33C /* scene-3-snowy.gif */; };
		1A46B3AB1CEC5C3600FCA33C /* scene-4-snowy-2.gif in Resources */ = {isa = PBXBuildFile; fileRef = 1A46B3AA1CEC5C3600FCA33C /* scene-4-snowy-2.gif */; };
		1A46B3AD1CEC5CDB00FCA33C /* scene-5-snowy.gif in Resources */ = {isa = PBXBuildFile; fileRef = 1A46B3AC1CEC5CDB00FCA33C /* scene-5-snowy.gif */; };
		1A46B3B31CEC5E7400FCA33C /* Main.storyboard in Resources */ = {isa = PBXBuildFile; fileRef = 1A46B3B21CEC5E7400FCA33C /* Main.storyboard */; };
		1A46B3B51CEC5EF200FCA33C /* gifFramework.swift in Sources */ = {isa = PBXBuildFile; fileRef = 1A46B3B41CEC5EF200FCA33C /* gifFramework.swift */; };
		1A768A941CEB2F780070EBD8 /* Scene1Popoverfile.swift in Sources */ = {isa = PBXBuildFile; fileRef = 1A768A931CEB2F780070EBD8 /* Scene1Popoverfile.swift */; };
		1A768A961CEB30000070EBD8 /* Scene5Popoverfile.swift in Sources */ = {isa = PBXBuildFile; fileRef = 1A768A951CEB30000070EBD8 /* Scene5Popoverfile.swift */; };
		1AEF31EA1CE5E58F00E6DE28 /* Scene1.swift in Sources */ = {isa = PBXBuildFile; fileRef = 1AEF31E91CE5E58F00E6DE28 /* Scene1.swift */; };
/* End PBXBuildFile section */

/* Begin PBXContainerItemProxy section */
		1A3BEA191CE0CE5400230445 /* PBXContainerItemProxy */ = {
			isa = PBXContainerItemProxy;
			containerPortal = 1A3BE9FA1CE0CE5400230445 /* Project object */;
			proxyType = 1;
			remoteGlobalIDString = 1A3BEA011CE0CE5400230445;
			remoteInfo = LoveLoveFilms1;
		};
		1A3BEA241CE0CE5400230445 /* PBXContainerItemProxy */ = {
			isa = PBXContainerItemProxy;
			containerPortal = 1A3BE9FA1CE0CE5400230445 /* Project object */;
			proxyType = 1;
			remoteGlobalIDString = 1A3BEA011CE0CE5400230445;
			remoteInfo = LoveLoveFilms1;
		};
/* End PBXContainerItemProxy section */

/* Begin PBXFileReference section */
		186FB4681CEC724900E047C3 /* scene2ii-01.png */ = {isa = PBXFileReference; lastKnownFileType = image.png; name = "scene2ii-01.png"; path = "../scene2ii-01.png"; sourceTree = "<group>"; };
		186FB46A1CEC72C000E047C3 /* awards-01.png */ = {isa = PBXFileReference; lastKnownFileType = image.png; path = "awards-01.png"; sourceTree = "<group>"; };
		186FB46C1CEC77E200E047C3 /* awards.png */ = {isa = PBXFileReference; lastKnownFileType = image.png; path = awards.png; sourceTree = "<group>"; };
		1A3BEA021CE0CE5400230445 /* LoveLoveFilms1.app */ = {isa = PBXFileReference; explicitFileType = wrapper.application; includeInIndex = 0; path = LoveLoveFilms1.app; sourceTree = BUILT_PRODUCTS_DIR; };
		1A3BEA051CE0CE5400230445 /* AppDelegate.swift */ = {isa = PBXFileReference; lastKnownFileType = sourcecode.swift; path = AppDelegate.swift; sourceTree = "<group>"; };
		1A3BEA071CE0CE5400230445 /* FirstViewController.swift */ = {isa = PBXFileReference; lastKnownFileType = sourcecode.swift; path = FirstViewController.swift; sourceTree = "<group>"; };
		1A3BEA091CE0CE5400230445 /* SecondViewController.swift */ = {isa = PBXFileReference; lastKnownFileType = sourcecode.swift; path = SecondViewController.swift; sourceTree = "<group>"; };
		1A3BEA0E1CE0CE5400230445 /* Assets.xcassets */ = {isa = PBXFileReference; lastKnownFileType = folder.assetcatalog; path = Assets.xcassets; sourceTree = "<group>"; };
		1A3BEA111CE0CE5400230445 /* Base */ = {isa = PBXFileReference; lastKnownFileType = file.storyboard; name = Base; path = Base.lproj/LaunchScreen.storyboard; sourceTree = "<group>"; };
		1A3BEA131CE0CE5400230445 /* Info.plist */ = {isa = PBXFileReference; lastKnownFileType = text.plist.xml; path = Info.plist; sourceTree = "<group>"; };
		1A3BEA181CE0CE5400230445 /* LoveLoveFilms1Tests.xctest */ = {isa = PBXFileReference; explicitFileType = wrapper.cfbundle; includeInIndex = 0; path = LoveLoveFilms1Tests.xctest; sourceTree = BUILT_PRODUCTS_DIR; };
		1A3BEA1C1CE0CE5400230445 /* LoveLoveFilms1Tests.swift */ = {isa = PBXFileReference; lastKnownFileType = sourcecode.swift; path = LoveLoveFilms1Tests.swift; sourceTree = "<group>"; };
		1A3BEA1E1CE0CE5400230445 /* Info.plist */ = {isa = PBXFileReference; lastKnownFileType = text.plist.xml; path = Info.plist; sourceTree = "<group>"; };
		1A3BEA231CE0CE5400230445 /* LoveLoveFilms1UITests.xctest */ = {isa = PBXFileReference; explicitFileType = wrapper.cfbundle; includeInIndex = 0; path = LoveLoveFilms1UITests.xctest; sourceTree = BUILT_PRODUCTS_DIR; };
		1A3BEA271CE0CE5400230445 /* LoveLoveFilms1UITests.swift */ = {isa = PBXFileReference; lastKnownFileType = sourcecode.swift; path = LoveLoveFilms1UITests.swift; sourceTree = "<group>"; };
		1A3BEA291CE0CE5400230445 /* Info.plist */ = {isa = PBXFileReference; lastKnownFileType = text.plist.xml; path = Info.plist; sourceTree = "<group>"; };
		1A3BEA351CE0D4D000230445 /* Scene3.swift */ = {isa = PBXFileReference; fileEncoding = 4; lastKnownFileType = sourcecode.swift; path = Scene3.swift; sourceTree = "<group>"; };
		1A3BEA371CE0D4DB00230445 /* Scene4.swift */ = {isa = PBXFileReference; fileEncoding = 4; lastKnownFileType = sourcecode.swift; path = Scene4.swift; sourceTree = "<group>"; };
		1A3BEA391CE0D4FC00230445 /* Scene5.swift */ = {isa = PBXFileReference; fileEncoding = 4; lastKnownFileType = sourcecode.swift; path = Scene5.swift; sourceTree = "<group>"; };
		1A3BEA3B1CE0D50D00230445 /* Scene6.swift */ = {isa = PBXFileReference; fileEncoding = 4; lastKnownFileType = sourcecode.swift; path = Scene6.swift; sourceTree = "<group>"; };
		1A3BEA3D1CE0D51800230445 /* Scene7.swift */ = {isa = PBXFileReference; fileEncoding = 4; lastKnownFileType = sourcecode.swift; path = Scene7.swift; sourceTree = "<group>"; };
		1A3E6FAE1CF1E11D00C7E341 /* UIImageView+Extension.swift */ = {isa = PBXFileReference; fileEncoding = 4; lastKnownFileType = sourcecode.swift; path = "UIImageView+Extension.swift"; sourceTree = "<group>"; };
		1A3E6FB01CF4747100C7E341 /* Scene3Popoverfile.swift */ = {isa = PBXFileReference; fileEncoding = 4; lastKnownFileType = sourcecode.swift; path = Scene3Popoverfile.swift; sourceTree = "<group>"; };
		1A3E6FB21CF47E6400C7E341 /* fast-snowy.gif */ = {isa = PBXFileReference; lastKnownFileType = image.gif; path = "fast-snowy.gif"; sourceTree = "<group>"; };
		1A3E6FB41CF4856700C7E341 /* chef-dog.gif */ = {isa = PBXFileReference; lastKnownFileType = image.gif; path = "chef-dog.gif"; sourceTree = "<group>"; };
		1A3E6FB61CF4859B00C7E341 /* grad-dog.gif */ = {isa = PBXFileReference; lastKnownFileType = image.gif; path = "grad-dog.gif"; sourceTree = "<group>"; };
		1A3E6FB81CF485B100C7E341 /* director-dog.gif */ = {isa = PBXFileReference; lastKnownFileType = image.gif; path = "director-dog.gif"; sourceTree = "<group>"; };
		1A3E6FBA1CF485C600C7E341 /* maracas-dog.gif */ = {isa = PBXFileReference; lastKnownFileType = image.gif; path = "maracas-dog.gif"; sourceTree = "<group>"; };
		1A3E6FBC1CF485DD00C7E341 /* party-dog.gif */ = {isa = PBXFileReference; lastKnownFileType = image.gif; path = "party-dog.gif"; sourceTree = "<group>"; };
		1A46B3A41CEC5BC500FCA33C /* scene-1-snowy--2.gif */ = {isa = PBXFileReference; lastKnownFileType = image.gif; path = "scene-1-snowy--2.gif"; sourceTree = "<group>"; };
		1A46B3A61CEC5BE500FCA33C /* scene-2-snowy.gif */ = {isa = PBXFileReference; lastKnownFileType = image.gif; path = "scene-2-snowy.gif"; sourceTree = "<group>"; };
		1A46B3A81CEC5C0600FCA33C /* scene-3-snowy.gif */ = {isa = PBXFileReference; lastKnownFileType = image.gif; path = "scene-3-snowy.gif"; sourceTree = "<group>"; };
		1A46B3AA1CEC5C3600FCA33C /* scene-4-snowy-2.gif */ = {isa = PBXFileReference; lastKnownFileType = image.gif; path = "scene-4-snowy-2.gif"; sourceTree = "<group>"; };
		1A46B3AC1CEC5CDB00FCA33C /* scene-5-snowy.gif */ = {isa = PBXFileReference; lastKnownFileType = image.gif; path = "scene-5-snowy.gif"; sourceTree = "<group>"; };
		1A46B3B21CEC5E7400FCA33C /* Main.storyboard */ = {isa = PBXFileReference; fileEncoding = 4; lastKnownFileType = file.storyboard; path = Main.storyboard; sourceTree = "<group>"; };
		1A46B3B41CEC5EF200FCA33C /* gifFramework.swift */ = {isa = PBXFileReference; fileEncoding = 4; lastKnownFileType = sourcecode.swift; path = gifFramework.swift; sourceTree = "<group>"; };
		1A768A931CEB2F780070EBD8 /* Scene1Popoverfile.swift */ = {isa = PBXFileReference; fileEncoding = 4; lastKnownFileType = sourcecode.swift; path = Scene1Popoverfile.swift; sourceTree = "<group>"; };
		1A768A951CEB30000070EBD8 /* Scene5Popoverfile.swift */ = {isa = PBXFileReference; fileEncoding = 4; lastKnownFileType = sourcecode.swift; path = Scene5Popoverfile.swift; sourceTree = "<group>"; };
		1AEF31E91CE5E58F00E6DE28 /* Scene1.swift */ = {isa = PBXFileReference; fileEncoding = 4; lastKnownFileType = sourcecode.swift; path = Scene1.swift; sourceTree = "<group>"; };
/* End PBXFileReference section */

/* Begin PBXFrameworksBuildPhase section */
		1A3BE9FF1CE0CE5400230445 /* Frameworks */ = {
			isa = PBXFrameworksBuildPhase;
			buildActionMask = 2147483647;
			files = (
			);
			runOnlyForDeploymentPostprocessing = 0;
		};
		1A3BEA151CE0CE5400230445 /* Frameworks */ = {
			isa = PBXFrameworksBuildPhase;
			buildActionMask = 2147483647;
			files = (
			);
			runOnlyForDeploymentPostprocessing = 0;
		};
		1A3BEA201CE0CE5400230445 /* Frameworks */ = {
			isa = PBXFrameworksBuildPhase;
			buildActionMask = 2147483647;
			files = (
			);
			runOnlyForDeploymentPostprocessing = 0;
		};
/* End PBXFrameworksBuildPhase section */

/* Begin PBXGroup section */
		1A3BE9F91CE0CE5400230445 = {
			isa = PBXGroup;
			children = (
				1A3BEA041CE0CE5400230445 /* LoveLoveFilms1 */,
				1A3BEA1B1CE0CE5400230445 /* LoveLoveFilms1Tests */,
				1A3BEA261CE0CE5400230445 /* LoveLoveFilms1UITests */,
				1A3BEA031CE0CE5400230445 /* Products */,
			);
			sourceTree = "<group>";
		};
		1A3BEA031CE0CE5400230445 /* Products */ = {
			isa = PBXGroup;
			children = (
				1A3BEA021CE0CE5400230445 /* LoveLoveFilms1.app */,
				1A3BEA181CE0CE5400230445 /* LoveLoveFilms1Tests.xctest */,
				1A3BEA231CE0CE5400230445 /* LoveLoveFilms1UITests.xctest */,
			);
			name = Products;
			sourceTree = "<group>";
		};
		1A3BEA041CE0CE5400230445 /* LoveLoveFilms1 */ = {
			isa = PBXGroup;
			children = (
				1A3BEA051CE0CE5400230445 /* AppDelegate.swift */,
				1A46B3B41CEC5EF200FCA33C /* gifFramework.swift */,
				1A3BEA071CE0CE5400230445 /* FirstViewController.swift */,
				1AEF31E91CE5E58F00E6DE28 /* Scene1.swift */,
				1A768A931CEB2F780070EBD8 /* Scene1Popoverfile.swift */,
				1A3BEA091CE0CE5400230445 /* SecondViewController.swift */,
				1A3E6FAE1CF1E11D00C7E341 /* UIImageView+Extension.swift */,
				1A3BEA351CE0D4D000230445 /* Scene3.swift */,
				1A3E6FB01CF4747100C7E341 /* Scene3Popoverfile.swift */,
				1A3BEA371CE0D4DB00230445 /* Scene4.swift */,
				1A3BEA391CE0D4FC00230445 /* Scene5.swift */,
				1A768A951CEB30000070EBD8 /* Scene5Popoverfile.swift */,
				1A3BEA3B1CE0D50D00230445 /* Scene6.swift */,
				1A3BEA3D1CE0D51800230445 /* Scene7.swift */,
				1A3BEA101CE0CE5400230445 /* LaunchScreen.storyboard */,
				1A46B3B21CEC5E7400FCA33C /* Main.storyboard */,
				1A3BEA0E1CE0CE5400230445 /* Assets.xcassets */,
				186FB4681CEC724900E047C3 /* scene2ii-01.png */,
				1A3BEA131CE0CE5400230445 /* Info.plist */,
				186FB46A1CEC72C000E047C3 /* awards-01.png */,
				1A46B3A41CEC5BC500FCA33C /* scene-1-snowy--2.gif */,
				1A3E6FB41CF4856700C7E341 /* chef-dog.gif */,
				1A3E6FB61CF4859B00C7E341 /* grad-dog.gif */,
				1A3E6FBA1CF485C600C7E341 /* maracas-dog.gif */,
				1A3E6FB81CF485B100C7E341 /* director-dog.gif */,
				1A3E6FBC1CF485DD00C7E341 /* party-dog.gif */,
				1A3E6FB21CF47E6400C7E341 /* fast-snowy.gif */,
				1A46B3A81CEC5C0600FCA33C /* scene-3-snowy.gif */,
				1A46B3A61CEC5BE500FCA33C /* scene-2-snowy.gif */,
				186FB46C1CEC77E200E047C3 /* awards.png */,
				1A46B3AA1CEC5C3600FCA33C /* scene-4-snowy-2.gif */,
				1A46B3AC1CEC5CDB00FCA33C /* scene-5-snowy.gif */,
			);
			path = LoveLoveFilms1;
			sourceTree = "<group>";
		};
		1A3BEA1B1CE0CE5400230445 /* LoveLoveFilms1Tests */ = {
			isa = PBXGroup;
			children = (
				1A3BEA1C1CE0CE5400230445 /* LoveLoveFilms1Tests.swift */,
				1A3BEA1E1CE0CE5400230445 /* Info.plist */,
			);
			path = LoveLoveFilms1Tests;
			sourceTree = "<group>";
		};
		1A3BEA261CE0CE5400230445 /* LoveLoveFilms1UITests */ = {
			isa = PBXGroup;
			children = (
				1A3BEA271CE0CE5400230445 /* LoveLoveFilms1UITests.swift */,
				1A3BEA291CE0CE5400230445 /* Info.plist */,
			);
			path = LoveLoveFilms1UITests;
			sourceTree = "<group>";
		};
/* End PBXGroup section */

/* Begin PBXNativeTarget section */
		1A3BEA011CE0CE5400230445 /* LoveLoveFilms1 */ = {
			isa = PBXNativeTarget;
			buildConfigurationList = 1A3BEA2C1CE0CE5400230445 /* Build configuration list for PBXNativeTarget "LoveLoveFilms1" */;
			buildPhases = (
				1A3BE9FE1CE0CE5400230445 /* Sources */,
				1A3BE9FF1CE0CE5400230445 /* Frameworks */,
				1A3BEA001CE0CE5400230445 /* Resources */,
			);
			buildRules = (
			);
			dependencies = (
			);
			name = LoveLoveFilms1;
			productName = LoveLoveFilms1;
			productReference = 1A3BEA021CE0CE5400230445 /* LoveLoveFilms1.app */;
			productType = "com.apple.product-type.application";
		};
		1A3BEA171CE0CE5400230445 /* LoveLoveFilms1Tests */ = {
			isa = PBXNativeTarget;
			buildConfigurationList = 1A3BEA2F1CE0CE5400230445 /* Build configuration list for PBXNativeTarget "LoveLoveFilms1Tests" */;
			buildPhases = (
				1A3BEA141CE0CE5400230445 /* Sources */,
				1A3BEA151CE0CE5400230445 /* Frameworks */,
				1A3BEA161CE0CE5400230445 /* Resources */,
			);
			buildRules = (
			);
			dependencies = (
				1A3BEA1A1CE0CE5400230445 /* PBXTargetDependency */,
			);
			name = LoveLoveFilms1Tests;
			productName = LoveLoveFilms1Tests;
			productReference = 1A3BEA181CE0CE5400230445 /* LoveLoveFilms1Tests.xctest */;
			productType = "com.apple.product-type.bundle.unit-test";
		};
		1A3BEA221CE0CE5400230445 /* LoveLoveFilms1UITests */ = {
			isa = PBXNativeTarget;
			buildConfigurationList = 1A3BEA321CE0CE5400230445 /* Build configuration list for PBXNativeTarget "LoveLoveFilms1UITests" */;
			buildPhases = (
				1A3BEA1F1CE0CE5400230445 /* Sources */,
				1A3BEA201CE0CE5400230445 /* Frameworks */,
				1A3BEA211CE0CE5400230445 /* Resources */,
			);
			buildRules = (
			);
			dependencies = (
				1A3BEA251CE0CE5400230445 /* PBXTargetDependency */,
			);
			name = LoveLoveFilms1UITests;
			productName = LoveLoveFilms1UITests;
			productReference = 1A3BEA231CE0CE5400230445 /* LoveLoveFilms1UITests.xctest */;
			productType = "com.apple.product-type.bundle.ui-testing";
		};
/* End PBXNativeTarget section */

/* Begin PBXProject section */
		1A3BE9FA1CE0CE5400230445 /* Project object */ = {
			isa = PBXProject;
			attributes = {
				LastSwiftUpdateCheck = 0730;
				LastUpgradeCheck = 0730;
				ORGANIZATIONNAME = "Chloe Hutchings";
				TargetAttributes = {
					1A3BEA011CE0CE5400230445 = {
						CreatedOnToolsVersion = 7.3;
						DevelopmentTeam = 2NLA4DSF26;
					};
					1A3BEA171CE0CE5400230445 = {
						CreatedOnToolsVersion = 7.3;
						DevelopmentTeam = 2NLA4DSF26;
						TestTargetID = 1A3BEA011CE0CE5400230445;
					};
					1A3BEA221CE0CE5400230445 = {
						CreatedOnToolsVersion = 7.3;
						DevelopmentTeam = 2NLA4DSF26;
						TestTargetID = 1A3BEA011CE0CE5400230445;
					};
				};
			};
			buildConfigurationList = 1A3BE9FD1CE0CE5400230445 /* Build configuration list for PBXProject "LoveLoveFilms1" */;
			compatibilityVersion = "Xcode 3.2";
			developmentRegion = English;
			hasScannedForEncodings = 0;
			knownRegions = (
				en,
				Base,
			);
			mainGroup = 1A3BE9F91CE0CE5400230445;
			productRefGroup = 1A3BEA031CE0CE5400230445 /* Products */;
			projectDirPath = "";
			projectRoot = "";
			targets = (
				1A3BEA011CE0CE5400230445 /* LoveLoveFilms1 */,
				1A3BEA171CE0CE5400230445 /* LoveLoveFilms1Tests */,
				1A3BEA221CE0CE5400230445 /* LoveLoveFilms1UITests */,
			);
		};
/* End PBXProject section */

/* Begin PBXResourcesBuildPhase section */
		1A3BEA001CE0CE5400230445 /* Resources */ = {
			isa = PBXResourcesBuildPhase;
			buildActionMask = 2147483647;
			files = (
				186FB46D1CEC77E200E047C3 /* awards.png in Resources */,
				1A3E6FB31CF47E6400C7E341 /* fast-snowy.gif in Resources */,
				1A3E6FBB1CF485C600C7E341 /* maracas-dog.gif in Resources */,
				1A3E6FB91CF485B100C7E341 /* director-dog.gif in Resources */,
				1A3BEA121CE0CE5400230445 /* LaunchScreen.storyboard in Resources */,
				1A46B3A51CEC5BC500FCA33C /* scene-1-snowy--2.gif in Resources */,
				186FB46B1CEC72C000E047C3 /* awards-01.png in Resources */,
				1A3E6FB51CF4856700C7E341 /* chef-dog.gif in Resources */,
				1A46B3AD1CEC5CDB00FCA33C /* scene-5-snowy.gif in Resources */,
				1A46B3A71CEC5BE500FCA33C /* scene-2-snowy.gif in Resources */,
				1A46B3A91CEC5C0600FCA33C /* scene-3-snowy.gif in Resources */,
				1A3E6FBD1CF485DD00C7E341 /* party-dog.gif in Resources */,
				186FB4691CEC724900E047C3 /* scene2ii-01.png in Resources */,
				1A46B3B31CEC5E7400FCA33C /* Main.storyboard in Resources */,
				1A46B3AB1CEC5C3600FCA33C /* scene-4-snowy-2.gif in Resources */,
				1A3BEA0F1CE0CE5400230445 /* Assets.xcassets in Resources */,
				1A3E6FB71CF4859B00C7E341 /* grad-dog.gif in Resources */,
			);
			runOnlyForDeploymentPostprocessing = 0;
		};
		1A3BEA161CE0CE5400230445 /* Resources */ = {
			isa = PBXResourcesBuildPhase;
			buildActionMask = 2147483647;
			files = (
			);
			runOnlyForDeploymentPostprocessing = 0;
		};
		1A3BEA211CE0CE5400230445 /* Resources */ = {
			isa = PBXResourcesBuildPhase;
			buildActionMask = 2147483647;
			files = (
			);
			runOnlyForDeploymentPostprocessing = 0;
		};
/* End PBXResourcesBuildPhase section */

/* Begin PBXSourcesBuildPhase section */
		1A3BE9FE1CE0CE5400230445 /* Sources */ = {
			isa = PBXSourcesBuildPhase;
			buildActionMask = 2147483647;
			files = (
				1A3BEA361CE0D4D000230445 /* Scene3.swift in Sources */,
				1A3BEA0A1CE0CE5400230445 /* SecondViewController.swift in Sources */,
				1A3E6FAF1CF1E11D00C7E341 /* UIImageView+Extension.swift in Sources */,
				1A768A941CEB2F780070EBD8 /* Scene1Popoverfile.swift in Sources */,
				1AEF31EA1CE5E58F00E6DE28 /* Scene1.swift in Sources */,
				1A46B3B51CEC5EF200FCA33C /* gifFramework.swift in Sources */,
				1A3BEA3A1CE0D4FC00230445 /* Scene5.swift in Sources */,
				1A3BEA3C1CE0D50D00230445 /* Scene6.swift in Sources */,
				1A3E6FB11CF4747100C7E341 /* Scene3Popoverfile.swift in Sources */,
				1A3BEA3E1CE0D51800230445 /* Scene7.swift in Sources */,
				1A768A961CEB30000070EBD8 /* Scene5Popoverfile.swift in Sources */,
				1A3BEA381CE0D4DB00230445 /* Scene4.swift in Sources */,
				1A3BEA061CE0CE5400230445 /* AppDelegate.swift in Sources */,
				1A3BEA081CE0CE5400230445 /* FirstViewController.swift in Sources */,
			);
			runOnlyForDeploymentPostprocessing = 0;
		};
		1A3BEA141CE0CE5400230445 /* Sources */ = {
			isa = PBXSourcesBuildPhase;
			buildActionMask = 2147483647;
			files = (
				1A3BEA1D1CE0CE5400230445 /* LoveLoveFilms1Tests.swift in Sources */,
			);
			runOnlyForDeploymentPostprocessing = 0;
		};
		1A3BEA1F1CE0CE5400230445 /* Sources */ = {
			isa = PBXSourcesBuildPhase;
			buildActionMask = 2147483647;
			files = (
				1A3BEA281CE0CE5400230445 /* LoveLoveFilms1UITests.swift in Sources */,
			);
			runOnlyForDeploymentPostprocessing = 0;
		};
/* End PBXSourcesBuildPhase section */

/* Begin PBXTargetDependency section */
		1A3BEA1A1CE0CE5400230445 /* PBXTargetDependency */ = {
			isa = PBXTargetDependency;
			target = 1A3BEA011CE0CE5400230445 /* LoveLoveFilms1 */;
			targetProxy = 1A3BEA191CE0CE5400230445 /* PBXContainerItemProxy */;
		};
		1A3BEA251CE0CE5400230445 /* PBXTargetDependency */ = {
			isa = PBXTargetDependency;
			target = 1A3BEA011CE0CE5400230445 /* LoveLoveFilms1 */;
			targetProxy = 1A3BEA241CE0CE5400230445 /* PBXContainerItemProxy */;
		};
/* End PBXTargetDependency section */

/* Begin PBXVariantGroup section */
		1A3BEA101CE0CE5400230445 /* LaunchScreen.storyboard */ = {
			isa = PBXVariantGroup;
			children = (
				1A3BEA111CE0CE5400230445 /* Base */,
			);
			name = LaunchScreen.storyboard;
			sourceTree = "<group>";
		};
/* End PBXVariantGroup section */

/* Begin XCBuildConfiguration section */
		1A3BEA2A1CE0CE5400230445 /* Debug */ = {
			isa = XCBuildConfiguration;
			buildSettings = {
				ALWAYS_SEARCH_USER_PATHS = NO;
				CLANG_ANALYZER_NONNULL = YES;
				CLANG_CXX_LANGUAGE_STANDARD = "gnu++0x";
				CLANG_CXX_LIBRARY = "libc++";
				CLANG_ENABLE_MODULES = YES;
				CLANG_ENABLE_OBJC_ARC = YES;
				CLANG_WARN_BOOL_CONVERSION = YES;
				CLANG_WARN_CONSTANT_CONVERSION = YES;
				CLANG_WARN_DIRECT_OBJC_ISA_USAGE = YES_ERROR;
				CLANG_WARN_EMPTY_BODY = YES;
				CLANG_WARN_ENUM_CONVERSION = YES;
				CLANG_WARN_INT_CONVERSION = YES;
				CLANG_WARN_OBJC_ROOT_CLASS = YES_ERROR;
				CLANG_WARN_UNREACHABLE_CODE = YES;
				CLANG_WARN__DUPLICATE_METHOD_MATCH = YES;
				"CODE_SIGN_IDENTITY[sdk=iphoneos*]" = "iPhone Developer";
				COPY_PHASE_STRIP = NO;
				DEBUG_INFORMATION_FORMAT = dwarf;
				ENABLE_STRICT_OBJC_MSGSEND = YES;
				ENABLE_TESTABILITY = YES;
				GCC_C_LANGUAGE_STANDARD = gnu99;
				GCC_DYNAMIC_NO_PIC = NO;
				GCC_NO_COMMON_BLOCKS = YES;
				GCC_OPTIMIZATION_LEVEL = 0;
				GCC_PREPROCESSOR_DEFINITIONS = (
					"DEBUG=1",
					"$(inherited)",
				);
				GCC_WARN_64_TO_32_BIT_CONVERSION = YES;
				GCC_WARN_ABOUT_RETURN_TYPE = YES_ERROR;
				GCC_WARN_UNDECLARED_SELECTOR = YES;
				GCC_WARN_UNINITIALIZED_AUTOS = YES_AGGRESSIVE;
				GCC_WARN_UNUSED_FUNCTION = YES;
				GCC_WARN_UNUSED_VARIABLE = YES;
				IPHONEOS_DEPLOYMENT_TARGET = 9.3;
				MTL_ENABLE_DEBUG_INFO = YES;
				ONLY_ACTIVE_ARCH = YES;
				SDKROOT = iphoneos;
				SWIFT_OPTIMIZATION_LEVEL = "-Onone";
				TARGETED_DEVICE_FAMILY = 2;
			};
			name = Debug;
		};
		1A3BEA2B1CE0CE5400230445 /* Release */ = {
			isa = XCBuildConfiguration;
			buildSettings = {
				ALWAYS_SEARCH_USER_PATHS = NO;
				CLANG_ANALYZER_NONNULL = YES;
				CLANG_CXX_LANGUAGE_STANDARD = "gnu++0x";
				CLANG_CXX_LIBRARY = "libc++";
				CLANG_ENABLE_MODULES = YES;
				CLANG_ENABLE_OBJC_ARC = YES;
				CLANG_WARN_BOOL_CONVERSION = YES;
				CLANG_WARN_CONSTANT_CONVERSION = YES;
				CLANG_WARN_DIRECT_OBJC_ISA_USAGE = YES_ERROR;
				CLANG_WARN_EMPTY_BODY = YES;
				CLANG_WARN_ENUM_CONVERSION = YES;
				CLANG_WARN_INT_CONVERSION = YES;
				CLANG_WARN_OBJC_ROOT_CLASS = YES_ERROR;
				CLANG_WARN_UNREACHABLE_CODE = YES;
				CLANG_WARN__DUPLICATE_METHOD_MATCH = YES;
				"CODE_SIGN_IDENTITY[sdk=iphoneos*]" = "iPhone Developer";
				COPY_PHASE_STRIP = NO;
				DEBUG_INFORMATION_FORMAT = "dwarf-with-dsym";
				ENABLE_NS_ASSERTIONS = NO;
				ENABLE_STRICT_OBJC_MSGSEND = YES;
				GCC_C_LANGUAGE_STANDARD = gnu99;
				GCC_NO_COMMON_BLOCKS = YES;
				GCC_WARN_64_TO_32_BIT_CONVERSION = YES;
				GCC_WARN_ABOUT_RETURN_TYPE = YES_ERROR;
				GCC_WARN_UNDECLARED_SELECTOR = YES;
				GCC_WARN_UNINITIALIZED_AUTOS = YES_AGGRESSIVE;
				GCC_WARN_UNUSED_FUNCTION = YES;
				GCC_WARN_UNUSED_VARIABLE = YES;
				IPHONEOS_DEPLOYMENT_TARGET = 9.3;
				MTL_ENABLE_DEBUG_INFO = NO;
				SDKROOT = iphoneos;
				TARGETED_DEVICE_FAMILY = 2;
				VALIDATE_PRODUCT = YES;
			};
			name = Release;
		};
		1A3BEA2D1CE0CE5400230445 /* Debug */ = {
			isa = XCBuildConfiguration;
			buildSettings = {
				ASSETCATALOG_COMPILER_APPICON_NAME = AppIcon;
				INFOPLIST_FILE = LoveLoveFilms1/Info.plist;
				IPHONEOS_DEPLOYMENT_TARGET = 9.0;
				LD_RUNPATH_SEARCH_PATHS = "$(inherited) @executable_path/Frameworks";
				PRODUCT_BUNDLE_IDENTIFIER = ChloeHutchings.LoveLoveFilms1;
				PRODUCT_NAME = "$(TARGET_NAME)";
			};
			name = Debug;
		};
		1A3BEA2E1CE0CE5400230445 /* Release */ = {
			isa = XCBuildConfiguration;
			buildSettings = {
				ASSETCATALOG_COMPILER_APPICON_NAME = AppIcon;
				INFOPLIST_FILE = LoveLoveFilms1/Info.plist;
				IPHONEOS_DEPLOYMENT_TARGET = 9.0;
				LD_RUNPATH_SEARCH_PATHS = "$(inherited) @executable_path/Frameworks";
				PRODUCT_BUNDLE_IDENTIFIER = ChloeHutchings.LoveLoveFilms1;
				PRODUCT_NAME = "$(TARGET_NAME)";
			};
			name = Release;
		};
		1A3BEA301CE0CE5400230445 /* Debug */ = {
			isa = XCBuildConfiguration;
			buildSettings = {
				BUNDLE_LOADER = "$(TEST_HOST)";
				INFOPLIST_FILE = LoveLoveFilms1Tests/Info.plist;
				LD_RUNPATH_SEARCH_PATHS = "$(inherited) @executable_path/Frameworks @loader_path/Frameworks";
				PRODUCT_BUNDLE_IDENTIFIER = ChloeHutchings.LoveLoveFilms1Tests;
				PRODUCT_NAME = "$(TARGET_NAME)";
				TEST_HOST = "$(BUILT_PRODUCTS_DIR)/LoveLoveFilms1.app/LoveLoveFilms1";
			};
			name = Debug;
		};
		1A3BEA311CE0CE5400230445 /* Release */ = {
			isa = XCBuildConfiguration;
			buildSettings = {
				BUNDLE_LOADER = "$(TEST_HOST)";
				INFOPLIST_FILE = LoveLoveFilms1Tests/Info.plist;
				LD_RUNPATH_SEARCH_PATHS = "$(inherited) @executable_path/Frameworks @loader_path/Frameworks";
				PRODUCT_BUNDLE_IDENTIFIER = ChloeHutchings.LoveLoveFilms1Tests;
				PRODUCT_NAME = "$(TARGET_NAME)";
				TEST_HOST = "$(BUILT_PRODUCTS_DIR)/LoveLoveFilms1.app/LoveLoveFilms1";
			};
			name = Release;
		};
		1A3BEA331CE0CE5400230445 /* Debug */ = {
			isa = XCBuildConfiguration;
			buildSettings = {
				INFOPLIST_FILE = LoveLoveFilms1UITests/Info.plist;
				LD_RUNPATH_SEARCH_PATHS = "$(inherited) @executable_path/Frameworks @loader_path/Frameworks";
				PRODUCT_BUNDLE_IDENTIFIER = ChloeHutchings.LoveLoveFilms1UITests;
				PRODUCT_NAME = "$(TARGET_NAME)";
				TEST_TARGET_NAME = LoveLoveFilms1;
			};
			name = Debug;
		};
		1A3BEA341CE0CE5400230445 /* Release */ = {
			isa = XCBuildConfiguration;
			buildSettings = {
				INFOPLIST_FILE = LoveLoveFilms1UITests/Info.plist;
				LD_RUNPATH_SEARCH_PATHS = "$(inherited) @executable_path/Frameworks @loader_path/Frameworks";
				PRODUCT_BUNDLE_IDENTIFIER = ChloeHutchings.LoveLoveFilms1UITests;
				PRODUCT_NAME = "$(TARGET_NAME)";
				TEST_TARGET_NAME = LoveLoveFilms1;
			};
			name = Release;
		};
/* End XCBuildConfiguration section */

/* Begin XCConfigurationList section */
		1A3BE9FD1CE0CE5400230445 /* Build configuration list for PBXProject "LoveLoveFilms1" */ = {
			isa = XCConfigurationList;
			buildConfigurations = (
				1A3BEA2A1CE0CE5400230445 /* Debug */,
				1A3BEA2B1CE0CE5400230445 /* Release */,
			);
			defaultConfigurationIsVisible = 0;
			defaultConfigurationName = Release;
		};
		1A3BEA2C1CE0CE5400230445 /* Build configuration list for PBXNativeTarget "LoveLoveFilms1" */ = {
			isa = XCConfigurationList;
			buildConfigurations = (
				1A3BEA2D1CE0CE5400230445 /* Debug */,
				1A3BEA2E1CE0CE5400230445 /* Release */,
			);
			defaultConfigurationIsVisible = 0;
			defaultConfigurationName = Release;
		};
		1A3BEA2F1CE0CE5400230445 /* Build configuration list for PBXNativeTarget "LoveLoveFilms1Tests" */ = {
			isa = XCConfigurationList;
			buildConfigurations = (
				1A3BEA301CE0CE5400230445 /* Debug */,
				1A3BEA311CE0CE5400230445 /* Release */,
			);
			defaultConfigurationIsVisible = 0;
			defaultConfigurationName = Release;
		};
		1A3BEA321CE0CE5400230445 /* Build configuration list for PBXNativeTarget "LoveLoveFilms1UITests" */ = {
			isa = XCConfigurationList;
			buildConfigurations = (
				1A3BEA331CE0CE5400230445 /* Debug */,
				1A3BEA341CE0CE5400230445 /* Release */,
			);
			defaultConfigurationIsVisible = 0;
			defaultConfigurationName = Release;
		};
/* End XCConfigurationList section */
	};
	rootObject = 1A3BE9FA1CE0CE5400230445 /* Project object */;
}
